
Microsoft Visual Studio Solution File, Format Version 12.00
# Visual Studio Version 17
VisualStudioVersion = 17.1.32319.34
MinimumVisualStudioVersion = 10.0.40219.1
Project("{FAE04EC0-301F-11D3-BF4B-00C04F79EFBC}") = "TaskManagerApi", "TaskManagerApi\TaskManagerApi.csproj", "{7C6E75D6-6E9B-457A-A30A-59861C4EC25D}"
EndProject
Global
	GlobalSection(SolutionConfigurationPlatforms) = preSolution
		Debug|Any CPU = Debug|Any CPU
		Release|Any CPU = Release|Any CPU
	EndGlobalSection
	GlobalSection(ProjectConfigurationPlatforms) = postSolution
		{7C6E75D6-6E9B-457A-A30A-59861C4EC25D}.Debug|Any CPU.ActiveCfg = Debug|Any CPU
		{7C6E75D6-6E9B-457A-A30A-59861C4EC25D}.Debug|Any CPU.Build.0 = Debug|Any CPU
		{7C6E75D6-6E9B-457A-A30A-59861C4EC25D}.Release|Any CPU.ActiveCfg = Release|Any CPU
		{7C6E75D6-6E9B-457A-A30A-59861C4EC25D}.Release|Any CPU.Build.0 = Release|Any CPU
	EndGlobalSection
	GlobalSection(SolutionProperties) = preSolution
		HideSolutionNode = FALSE
	EndGlobalSection
	GlobalSection(ExtensibilityGlobals) = postSolution
		SolutionGuid = {69D8BEE3-8393-4BEF-94A3-9E065F74175C}
	EndGlobalSection
EndGlobal
